{
  "name": "eduflow-platform",
  "version": "2.5.0",
  "lockfileVersion": 2,
  "requires": true,
  "packages": {
    "": {
      "name": "eduflow-platform",
      "version": "2.5.0",
      "license": "UNLICENSED",
      "dependencies": {
        "chart.js": "^4.4.0",
        "flatpickr": "^4.6.13"
      }
    }
  }
}
